// !$*UTF8*$!
{
	archiveVersion = 1;
	classes = {
	};
	objectVersion = 46;
	objects = {

/* Begin PBXBuildFile section */
		A441C72D1EA3875400034762 /* JJNewVC.m in Sources */ = {isa = PBXBuildFile; fileRef = A441C72C1EA3875400034762 /* JJNewVC.m */; };
		A441C7391EA3A66D00034762 /* UIViewController+JJ.m in Sources */ = {isa = PBXBuildFile; fileRef = A441C7381EA3A66D00034762 /* UIViewController+JJ.m */; };
		A4A04B6D1EA2664F009816D3 /* main.m in Sources */ = {isa = PBXBuildFile; fileRef = A4A04B6C1EA2664F009816D3 /* main.m */; };
		A4A04B701EA2664F009816D3 /* AppDelegate.m in Sources */ = {isa = PBXBuildFile; fileRef = A4A04B6F1EA2664F009816D3 /* AppDelegate.m */; };
		A4A04B781EA2664F009816D3 /* Assets.xcassets in Resources */ = {isa = PBXBuildFile; fileRef = A4A04B771EA2664F009816D3 /* Assets.xcassets */; };
		A4A04B7B1EA2664F009816D3 /* LaunchScreen.storyboard in Resources */ = {isa = PBXBuildFile; fileRef = A4A04B791EA2664F009816D3 /* LaunchScreen.storyboard */; };
		A4A04B891EA26784009816D3 /* JJSliderViewController.m in Sources */ = {isa = PBXBuildFile; fileRef = A4A04B881EA26784009816D3 /* JJSliderViewController.m */; };
		A4A04B911EA26AEF009816D3 /* JJMainTabBarVC.m in Sources */ = {isa = PBXBuildFile; fileRef = A4A04B901EA26AEF009816D3 /* JJMainTabBarVC.m */; };
		A4A04B931EA26C44009816D3 /* controller.json in Resources */ = {isa = PBXBuildFile; fileRef = A4A04B921EA26C44009816D3 /* controller.json */; };
		A4A04B9A1EA27032009816D3 /* JJHomeVC.m in Sources */ = {isa = PBXBuildFile; fileRef = A4A04B991EA27032009816D3 /* JJHomeVC.m */; };
		A4A04B9D1EA27044009816D3 /* JJMessageVC.m in Sources */ = {isa = PBXBuildFile; fileRef = A4A04B9C1EA27044009816D3 /* JJMessageVC.m */; };
		A4A04BA01EA27055009816D3 /* JJDiscoverVC.m in Sources */ = {isa = PBXBuildFile; fileRef = A4A04B9F1EA27055009816D3 /* JJDiscoverVC.m */; };
		A4A04BA31EA27061009816D3 /* JJProfileVC.m in Sources */ = {isa = PBXBuildFile; fileRef = A4A04BA21EA27061009816D3 /* JJProfileVC.m */; };
		A4A04BA71EA34BD6009816D3 /* JJLeftVC.m in Sources */ = {isa = PBXBuildFile; fileRef = A4A04BA61EA34BD6009816D3 /* JJLeftVC.m */; };
/* End PBXBuildFile section */

/* Begin PBXFileReference section */
		A441C72B1EA3875400034762 /* JJNewVC.h */ = {isa = PBXFileReference; fileEncoding = 4; lastKnownFileType = sourcecode.c.h; path = JJNewVC.h; sourceTree = "<group>"; };
		A441C72C1EA3875400034762 /* JJNewVC.m */ = {isa = PBXFileReference; fileEncoding = 4; lastKnownFileType = sourcecode.c.objc; path = JJNewVC.m; sourceTree = "<group>"; };
		A441C7371EA3A66D00034762 /* UIViewController+JJ.h */ = {isa = PBXFileReference; fileEncoding = 4; lastKnownFileType = sourcecode.c.h; path = "UIViewController+JJ.h"; sourceTree = "<group>"; };
		A441C7381EA3A66D00034762 /* UIViewController+JJ.m */ = {isa = PBXFileReference; fileEncoding = 4; lastKnownFileType = sourcecode.c.objc; path = "UIViewController+JJ.m"; sourceTree = "<group>"; };
		A4A04B681EA2664F009816D3 /* JJSliderViewController.app */ = {isa = PBXFileReference; explicitFileType = wrapper.application; includeInIndex = 0; path = JJSliderViewController.app; sourceTree = BUILT_PRODUCTS_DIR; };
		A4A04B6C1EA2664F009816D3 /* main.m */ = {isa = PBXFileReference; lastKnownFileType = sourcecode.c.objc; path = main.m; sourceTree = "<group>"; };
		A4A04B6E1EA2664F009816D3 /* AppDelegate.h */ = {isa = PBXFileReference; lastKnownFileType = sourcecode.c.h; path = AppDelegate.h; sourceTree = "<group>"; };
		A4A04B6F1EA2664F009816D3 /* AppDelegate.m */ = {isa = PBXFileReference; lastKnownFileType = sourcecode.c.objc; path = AppDelegate.m; sourceTree = "<group>"; };
		A4A04B771EA2664F009816D3 /* Assets.xcassets */ = {isa = PBXFileReference; lastKnownFileType = folder.assetcatalog; path = Assets.xcassets; sourceTree = "<group>"; };
		A4A04B7A1EA2664F009816D3 /* Base */ = {isa = PBXFileReference; lastKnownFileType = file.storyboard; name = Base; path = Base.lproj/LaunchScreen.storyboard; sourceTree = "<group>"; };
		A4A04B7C1EA2664F009816D3 /* Info.plist */ = {isa = PBXFileReference; lastKnownFileType = text.plist.xml; path = Info.plist; sourceTree = "<group>"; };
		A4A04B871EA26784009816D3 /* JJSliderViewController.h */ = {isa = PBXFileReference; fileEncoding = 4; lastKnownFileType = sourcecode.c.h; path = JJSliderViewController.h; sourceTree = "<group>"; };
		A4A04B881EA26784009816D3 /* JJSliderViewController.m */ = {isa = PBXFileReference; fileEncoding = 4; lastKnownFileType = sourcecode.c.objc; path = JJSliderViewController.m; sourceTree = "<group>"; };
		A4A04B8F1EA26AEF009816D3 /* JJMainTabBarVC.h */ = {isa = PBXFileReference; fileEncoding = 4; lastKnownFileType = sourcecode.c.h; path = JJMainTabBarVC.h; sourceTree = "<group>"; };
		A4A04B901EA26AEF009816D3 /* JJMainTabBarVC.m */ = {isa = PBXFileReference; fileEncoding = 4; lastKnownFileType = sourcecode.c.objc; path = JJMainTabBarVC.m; sourceTree = "<group>"; };
		A4A04B921EA26C44009816D3 /* controller.json */ = {isa = PBXFileReference; fileEncoding = 4; lastKnownFileType = text.json; path = controller.json; sourceTree = "<group>"; };
		A4A04B981EA27032009816D3 /* JJHomeVC.h */ = {isa = PBXFileReference; fileEncoding = 4; lastKnownFileType = sourcecode.c.h; path = JJHomeVC.h; sourceTree = "<group>"; };
		A4A04B991EA27032009816D3 /* JJHomeVC.m */ = {isa = PBXFileReference; fileEncoding = 4; lastKnownFileType = sourcecode.c.objc; path = JJHomeVC.m; sourceTree = "<group>"; };
		A4A04B9B1EA27044009816D3 /* JJMessageVC.h */ = {isa = PBXFileReference; fileEncoding = 4; lastKnownFileType = sourcecode.c.h; path = JJMessageVC.h; sourceTree = "<group>"; };
		A4A04B9C1EA27044009816D3 /* JJMessageVC.m */ = {isa = PBXFileReference; fileEncoding = 4; lastKnownFileType = sourcecode.c.objc; path = JJMessageVC.m; sourceTree = "<group>"; };
		A4A04B9E1EA27055009816D3 /* JJDiscoverVC.h */ = {isa = PBXFileReference; fileEncoding = 4; lastKnownFileType = sourcecode.c.h; path = JJDiscoverVC.h; sourceTree = "<group>"; };
		A4A04B9F1EA27055009816D3 /* JJDiscoverVC.m */ = {isa = PBXFileReference; fileEncoding = 4; lastKnownFileType = sourcecode.c.objc; path = JJDiscoverVC.m; sourceTree = "<group>"; };
		A4A04BA11EA27061009816D3 /* JJProfileVC.h */ = {isa = PBXFileReference; fileEncoding = 4; lastKnownFileType = sourcecode.c.h; path = JJProfileVC.h; sourceTree = "<group>"; };
		A4A04BA21EA27061009816D3 /* JJProfileVC.m */ = {isa = PBXFileReference; fileEncoding = 4; lastKnownFileType = sourcecode.c.objc; path = JJProfileVC.m; sourceTree = "<group>"; };
		A4A04BA51EA34BD6009816D3 /* JJLeftVC.h */ = {isa = PBXFileReference; fileEncoding = 4; lastKnownFileType = sourcecode.c.h; path = JJLeftVC.h; sourceTree = "<group>"; };
		A4A04BA61EA34BD6009816D3 /* JJLeftVC.m */ = {isa = PBXFileReference; fileEncoding = 4; lastKnownFileType = sourcecode.c.objc; path = JJLeftVC.m; sourceTree = "<group>"; };
/* End PBXFileReference section */

/* Begin PBXFrameworksBuildPhase section */
		A4A04B651EA2664F009816D3 /* Frameworks */ = {
			isa = PBXFrameworksBuildPhase;
			buildActionMask = 2147483647;
			files = (
			);
			runOnlyForDeploymentPostprocessing = 0;
		};
/* End PBXFrameworksBuildPhase section */

/* Begin PBXGroup section */
		A4A04B5F1EA2664F009816D3 = {
			isa = PBXGroup;
			children = (
				A4A04B6A1EA2664F009816D3 /* JJSliderViewController */,
				A4A04B691EA2664F009816D3 /* Products */,
			);
			sourceTree = "<group>";
		};
		A4A04B691EA2664F009816D3 /* Products */ = {
			isa = PBXGroup;
			children = (
				A4A04B681EA2664F009816D3 /* JJSliderViewController.app */,
			);
			name = Products;
			sourceTree = "<group>";
		};
		A4A04B6A1EA2664F009816D3 /* JJSliderViewController */ = {
			isa = PBXGroup;
			children = (
				A4A04B8A1EA26908009816D3 /* ViewContrillers */,
				A4A04B821EA26681009816D3 /* SliderViewController */,
				A4A04B831EA2668E009816D3 /* Default */,
				A4A04B6B1EA2664F009816D3 /* Supporting Files */,
			);
			path = JJSliderViewController;
			sourceTree = "<group>";
		};
		A4A04B6B1EA2664F009816D3 /* Supporting Files */ = {
			isa = PBXGroup;
			children = (
				A4A04B6C1EA2664F009816D3 /* main.m */,
			);
			name = "Supporting Files";
			sourceTree = "<group>";
		};
		A4A04B821EA26681009816D3 /* SliderViewController */ = {
			isa = PBXGroup;
			children = (
				A4A04B871EA26784009816D3 /* JJSliderViewController.h */,
				A4A04B881EA26784009816D3 /* JJSliderViewController.m */,
			);
			path = SliderViewController;
			sourceTree = "<group>";
		};
		A4A04B831EA2668E009816D3 /* Default */ = {
			isa = PBXGroup;
			children = (
				A4A04B6E1EA2664F009816D3 /* AppDelegate.h */,
				A4A04B6F1EA2664F009816D3 /* AppDelegate.m */,
				A4A04B771EA2664F009816D3 /* Assets.xcassets */,
				A4A04B791EA2664F009816D3 /* LaunchScreen.storyboard */,
				A4A04B7C1EA2664F009816D3 /* Info.plist */,
			);
			name = Default;
			sourceTree = "<group>";
		};
		A4A04B8A1EA26908009816D3 /* ViewContrillers */ = {
			isa = PBXGroup;
			children = (
				A4A04B941EA26FAF009816D3 /* Discover */,
				A4A04B951EA26FAF009816D3 /* Home */,
				A4A04B961EA26FAF009816D3 /* Message */,
				A4A04B971EA26FAF009816D3 /* Profile */,
				A4A04B8E1EA26AC5009816D3 /* BaseViewController */,
				A4A04BA41EA34BA9009816D3 /* LeftVC */,
			);
			path = ViewContrillers;
			sourceTree = "<group>";
		};
		A4A04B8E1EA26AC5009816D3 /* BaseViewController */ = {
			isa = PBXGroup;
			children = (
				A4A04B921EA26C44009816D3 /* controller.json */,
				A4A04B8F1EA26AEF009816D3 /* JJMainTabBarVC.h */,
				A4A04B901EA26AEF009816D3 /* JJMainTabBarVC.m */,
				A441C7371EA3A66D00034762 /* UIViewController+JJ.h */,
				A441C7381EA3A66D00034762 /* UIViewController+JJ.m */,
			);
			path = BaseViewController;
			sourceTree = "<group>";
		};
		A4A04B941EA26FAF009816D3 /* Discover */ = {
			isa = PBXGroup;
			children = (
				A4A04B9E1EA27055009816D3 /* JJDiscoverVC.h */,
				A4A04B9F1EA27055009816D3 /* JJDiscoverVC.m */,
			);
			path = Discover;
			sourceTree = "<group>";
		};
		A4A04B951EA26FAF009816D3 /* Home */ = {
			isa = PBXGroup;
			children = (
				A4A04B981EA27032009816D3 /* JJHomeVC.h */,
				A4A04B991EA27032009816D3 /* JJHomeVC.m */,
			);
			path = Home;
			sourceTree = "<group>";
		};
		A4A04B961EA26FAF009816D3 /* Message */ = {
			isa = PBXGroup;
			children = (
				A4A04B9B1EA27044009816D3 /* JJMessageVC.h */,
				A4A04B9C1EA27044009816D3 /* JJMessageVC.m */,
			);
			path = Message;
			sourceTree = "<group>";
		};
		A4A04B971EA26FAF009816D3 /* Profile */ = {
			isa = PBXGroup;
			children = (
				A4A04BA11EA27061009816D3 /* JJProfileVC.h */,
				A4A04BA21EA27061009816D3 /* JJProfileVC.m */,
			);
			path = Profile;
			sourceTree = "<group>";
		};
		A4A04BA41EA34BA9009816D3 /* LeftVC */ = {
			isa = PBXGroup;
			children = (
				A4A04BA51EA34BD6009816D3 /* JJLeftVC.h */,
				A4A04BA61EA34BD6009816D3 /* JJLeftVC.m */,
				A441C72B1EA3875400034762 /* JJNewVC.h */,
				A441C72C1EA3875400034762 /* JJNewVC.m */,
			);
			path = LeftVC;
			sourceTree = "<group>";
		};
/* End PBXGroup section */

/* Begin PBXNativeTarget section */
		A4A04B671EA2664F009816D3 /* JJSliderViewController */ = {
			isa = PBXNativeTarget;
			buildConfigurationList = A4A04B7F1EA2664F009816D3 /* Build configuration list for PBXNativeTarget "JJSliderViewController" */;
			buildPhases = (
				A4A04B641EA2664F009816D3 /* Sources */,
				A4A04B651EA2664F009816D3 /* Frameworks */,
				A4A04B661EA2664F009816D3 /* Resources */,
			);
			buildRules = (
			);
			dependencies = (
			);
			name = JJSliderViewController;
			productName = JJSliderViewController;
			productReference = A4A04B681EA2664F009816D3 /* JJSliderViewController.app */;
			productType = "com.apple.product-type.application";
		};
/* End PBXNativeTarget section */

/* Begin PBXProject section */
		A4A04B601EA2664F009816D3 /* Project object */ = {
			isa = PBXProject;
			attributes = {
				CLASSPREFIX = JJ;
				LastUpgradeCheck = 0830;
				ORGANIZATIONNAME = "罗文琦";
				TargetAttributes = {
					A4A04B671EA2664F009816D3 = {
						CreatedOnToolsVersion = 8.3.1;
						ProvisioningStyle = Automatic;
					};
				};
			};
			buildConfigurationList = A4A04B631EA2664F009816D3 /* Build configuration list for PBXProject "JJSliderViewController" */;
			compatibilityVersion = "Xcode 3.2";
			developmentRegion = English;
			hasScannedForEncodings = 0;
			knownRegions = (
				en,
				Base,
			);
			mainGroup = A4A04B5F1EA2664F009816D3;
			productRefGroup = A4A04B691EA2664F009816D3 /* Products */;
			projectDirPath = "";
			projectRoot = "";
			targets = (
				A4A04B671EA2664F009816D3 /* JJSliderViewController */,
			);
		};
/* End PBXProject section */

/* Begin PBXResourcesBuildPhase section */
		A4A04B661EA2664F009816D3 /* Resources */ = {
			isa = PBXResourcesBuildPhase;
			buildActionMask = 2147483647;
			files = (
				A4A04B931EA26C44009816D3 /* controller.json in Resources */,
				A4A04B7B1EA2664F009816D3 /* LaunchScreen.storyboard in Resources */,
				A4A04B781EA2664F009816D3 /* Assets.xcassets in Resources */,
			);
			runOnlyForDeploymentPostprocessing = 0;
		};
/* End PBXResourcesBuildPhase section */

/* Begin PBXSourcesBuildPhase section */
		A4A04B641EA2664F009816D3 /* Sources */ = {
			isa = PBXSourcesBuildPhase;
			buildActionMask = 2147483647;
			files = (
				A4A04B9D1EA27044009816D3 /* JJMessageVC.m in Sources */,
				A4A04B911EA26AEF009816D3 /* JJMainTabBarVC.m in Sources */,
				A4A04B701EA2664F009816D3 /* AppDelegate.m in Sources */,
				A4A04BA71EA34BD6009816D3 /* JJLeftVC.m in Sources */,
				A4A04B891EA26784009816D3 /* JJSliderViewController.m in Sources */,
				A4A04BA01EA27055009816D3 /* JJDiscoverVC.m in Sources */,
				A441C7391EA3A66D00034762 /* UIViewController+JJ.m in Sources */,
				A4A04B6D1EA2664F009816D3 /* main.m in Sources */,
				A441C72D1EA3875400034762 /* JJNewVC.m in Sources */,
				A4A04BA31EA27061009816D3 /* JJProfileVC.m in Sources */,
				A4A04B9A1EA27032009816D3 /* JJHomeVC.m in Sources */,
			);
			runOnlyForDeploymentPostprocessing = 0;
		};
/* End PBXSourcesBuildPhase section */

/* Begin PBXVariantGroup section */
		A4A04B791EA2664F009816D3 /* LaunchScreen.storyboard */ = {
			isa = PBXVariantGroup;
			children = (
				A4A04B7A1EA2664F009816D3 /* Base */,
			);
			name = LaunchScreen.storyboard;
			sourceTree = "<group>";
		};
/* End PBXVariantGroup section */

/* Begin XCBuildConfiguration section */
		A4A04B7D1EA2664F009816D3 /* Debug */ = {
			isa = XCBuildConfiguration;
			buildSettings = {
				ALWAYS_SEARCH_USER_PATHS = NO;
				CLANG_ANALYZER_NONNULL = YES;
				CLANG_ANALYZER_NUMBER_OBJECT_CONVERSION = YES_AGGRESSIVE;
				CLANG_CXX_LANGUAGE_STANDARD = "gnu++0x";
				CLANG_CXX_LIBRARY = "libc++";
				CLANG_ENABLE_MODULES = YES;
				CLANG_ENABLE_OBJC_ARC = YES;
				CLANG_WARN_BOOL_CONVERSION = YES;
				CLANG_WARN_CONSTANT_CONVERSION = YES;
				CLANG_WARN_DIRECT_OBJC_ISA_USAGE = YES_ERROR;
				CLANG_WARN_DOCUMENTATION_COMMENTS = YES;
				CLANG_WARN_EMPTY_BODY = YES;
				CLANG_WARN_ENUM_CONVERSION = YES;
				CLANG_WARN_INFINITE_RECURSION = YES;
				CLANG_WARN_INT_CONVERSION = YES;
				CLANG_WARN_OBJC_ROOT_CLASS = YES_ERROR;
				CLANG_WARN_SUSPICIOUS_MOVE = YES;
				CLANG_WARN_UNREACHABLE_CODE = YES;
				CLANG_WARN__DUPLICATE_METHOD_MATCH = YES;
				"CODE_SIGN_IDENTITY[sdk=iphoneos*]" = "iPhone Developer";
				COPY_PHASE_STRIP = NO;
				DEBUG_INFORMATION_FORMAT = dwarf;
				ENABLE_STRICT_OBJC_MSGSEND = YES;
				ENABLE_TESTABILITY = YES;
				GCC_C_LANGUAGE_STANDARD = gnu99;
				GCC_DYNAMIC_NO_PIC = NO;
				GCC_NO_COMMON_BLOCKS = YES;
				GCC_OPTIMIZATION_LEVEL = 0;
				GCC_PREPROCESSOR_DEFINITIONS = (
					"DEBUG=1",
					"$(inherited)",
				);
				GCC_WARN_64_TO_32_BIT_CONVERSION = YES;
				GCC_WARN_ABOUT_RETURN_TYPE = YES_ERROR;
				GCC_WARN_UNDECLARED_SELECTOR = YES;
				GCC_WARN_UNINITIALIZED_AUTOS = YES_AGGRESSIVE;
				GCC_WARN_UNUSED_FUNCTION = YES;
				GCC_WARN_UNUSED_VARIABLE = YES;
				IPHONEOS_DEPLOYMENT_TARGET = 10.3;
				MTL_ENABLE_DEBUG_INFO = YES;
				ONLY_ACTIVE_ARCH = YES;
				SDKROOT = iphoneos;
				TARGETED_DEVICE_FAMILY = "1,2";
			};
			name = Debug;
		};
		A4A04B7E1EA2664F009816D3 /* Release */ = {
			isa = XCBuildConfiguration;
			buildSettings = {
				ALWAYS_SEARCH_USER_PATHS = NO;
				CLANG_ANALYZER_NONNULL = YES;
				CLANG_ANALYZER_NUMBER_OBJECT_CONVERSION = YES_AGGRESSIVE;
				CLANG_CXX_LANGUAGE_STANDARD = "gnu++0x";
				CLANG_CXX_LIBRARY = "libc++";
				CLANG_ENABLE_MODULES = YES;
				CLANG_ENABLE_OBJC_ARC = YES;
				CLANG_WARN_BOOL_CONVERSION = YES;
				CLANG_WARN_CONSTANT_CONVERSION = YES;
				CLANG_WARN_DIRECT_OBJC_ISA_USAGE = YES_ERROR;
				CLANG_WARN_DOCUMENTATION_COMMENTS = YES;
				CLANG_WARN_EMPTY_BODY = YES;
				CLANG_WARN_ENUM_CONVERSION = YES;
				CLANG_WARN_INFINITE_RECURSION = YES;
				CLANG_WARN_INT_CONVERSION = YES;
				CLANG_WARN_OBJC_ROOT_CLASS = YES_ERROR;
				CLANG_WARN_SUSPICIOUS_MOVE = YES;
				CLANG_WARN_UNREACHABLE_CODE = YES;
				CLANG_WARN__DUPLICATE_METHOD_MATCH = YES;
				"CODE_SIGN_IDENTITY[sdk=iphoneos*]" = "iPhone Developer";
				COPY_PHASE_STRIP = NO;
				DEBUG_INFORMATION_FORMAT = "dwarf-with-dsym";
				ENABLE_NS_ASSERTIONS = NO;
				ENABLE_STRICT_OBJC_MSGSEND = YES;
				GCC_C_LANGUAGE_STANDARD = gnu99;
				GCC_NO_COMMON_BLOCKS = YES;
				GCC_WARN_64_TO_32_BIT_CONVERSION = YES;
				GCC_WARN_ABOUT_RETURN_TYPE = YES_ERROR;
				GCC_WARN_UNDECLARED_SELECTOR = YES;
				GCC_WARN_UNINITIALIZED_AUTOS = YES_AGGRESSIVE;
				GCC_WARN_UNUSED_FUNCTION = YES;
				GCC_WARN_UNUSED_VARIABLE = YES;
				IPHONEOS_DEPLOYMENT_TARGET = 10.3;
				MTL_ENABLE_DEBUG_INFO = NO;
				SDKROOT = iphoneos;
				TARGETED_DEVICE_FAMILY = "1,2";
				VALIDATE_PRODUCT = YES;
			};
			name = Release;
		};
		A4A04B801EA2664F009816D3 /* Debug */ = {
			isa = XCBuildConfiguration;
			buildSettings = {
				ASSETCATALOG_COMPILER_APPICON_NAME = AppIcon;
				INFOPLIST_FILE = JJSliderViewController/Info.plist;
				LD_RUNPATH_SEARCH_PATHS = "$(inherited) @executable_path/Frameworks";
				PRODUCT_BUNDLE_IDENTIFIER = com.luowenqi.JJSliderViewController;
				PRODUCT_NAME = "$(TARGET_NAME)";
			};
			name = Debug;
		};
		A4A04B811EA2664F009816D3 /* Release */ = {
			isa = XCBuildConfiguration;
			buildSettings = {
				ASSETCATALOG_COMPILER_APPICON_NAME = AppIcon;
				INFOPLIST_FILE = JJSliderViewController/Info.plist;
				LD_RUNPATH_SEARCH_PATHS = "$(inherited) @executable_path/Frameworks";
				PRODUCT_BUNDLE_IDENTIFIER = com.luowenqi.JJSliderViewController;
				PRODUCT_NAME = "$(TARGET_NAME)";
			};
			name = Release;
		};
/* End XCBuildConfiguration section */

/* Begin XCConfigurationList section */
		A4A04B631EA2664F009816D3 /* Build configuration list for PBXProject "JJSliderViewController" */ = {
			isa = XCConfigurationList;
			buildConfigurations = (
				A4A04B7D1EA2664F009816D3 /* Debug */,
				A4A04B7E1EA2664F009816D3 /* Release */,
			);
			defaultConfigurationIsVisible = 0;
			defaultConfigurationName = Release;
		};
		A4A04B7F1EA2664F009816D3 /* Build configuration list for PBXNativeTarget "JJSliderViewController" */ = {
			isa = XCConfigurationList;
			buildConfigurations = (
				A4A04B801EA2664F009816D3 /* Debug */,
				A4A04B811EA2664F009816D3 /* Release */,
			);
			defaultConfigurationIsVisible = 0;
			defaultConfigurationName = Release;
		};
/* End XCConfigurationList section */
	};
	rootObject = A4A04B601EA2664F009816D3 /* Project object */;
}
